
Microsoft Visual Studio Solution File, Format Version 12.00
# Visual Studio Version 17
VisualStudioVersion = 17.10.35122.118
MinimumVisualStudioVersion = 10.0.40219.1
Project("{FAE04EC0-301F-11D3-BF4B-00C04F79EFBC}") = "ACADPORTAL", "ACADPORTAL1\ACADPORTAL.csproj", "{8966E48C-45E1-46BA-89D2-654D6B83A073}"
EndProject
Project("{2150E333-8FDC-42A3-9474-1A3956D46DE8}") = "Solution Items", "Solution Items", "{3203D7BD-0156-4254-BE31-551E33DA8D1B}"
	ProjectSection(SolutionItems) = preProject
		Home-teacher.css = Home-teacher.css
	EndProjectSection
EndProject
Global
	GlobalSection(SolutionConfigurationPlatforms) = preSolution
		Debug|Any CPU = Debug|Any CPU
		Release|Any CPU = Release|Any CPU
	EndGlobalSection
	GlobalSection(ProjectConfigurationPlatforms) = postSolution
		{8966E48C-45E1-46BA-89D2-654D6B83A073}.Debug|Any CPU.ActiveCfg = Debug|Any CPU
		{8966E48C-45E1-46BA-89D2-654D6B83A073}.Debug|Any CPU.Build.0 = Debug|Any CPU
		{8966E48C-45E1-46BA-89D2-654D6B83A073}.Release|Any CPU.ActiveCfg = Release|Any CPU
		{8966E48C-45E1-46BA-89D2-654D6B83A073}.Release|Any CPU.Build.0 = Release|Any CPU
	EndGlobalSection
	GlobalSection(SolutionProperties) = preSolution
		HideSolutionNode = FALSE
	EndGlobalSection
	GlobalSection(ExtensibilityGlobals) = postSolution
		SolutionGuid = {B7ED4D79-61C8-4F31-A2F4-02BA67AC2016}
	EndGlobalSection
EndGlobal
